
Microsoft Visual Studio Solution File, Format Version 12.00
# Visual Studio Version 17
VisualStudioVersion = 17.5.33424.131
MinimumVisualStudioVersion = 10.0.40219.1
Project("{FAE04EC0-301F-11D3-BF4B-00C04F79EFBC}") = "RoboTupiniquim.ConsoleApp", "RoboTupiniquim.ConsoleApp\RoboTupiniquim.ConsoleApp.csproj", "{CCC35139-2DF7-4FE0-ADCE-B04A7944243D}"
EndProject
Global
	GlobalSection(SolutionConfigurationPlatforms) = preSolution
		Debug|Any CPU = Debug|Any CPU
		Release|Any CPU = Release|Any CPU
	EndGlobalSection
	GlobalSection(ProjectConfigurationPlatforms) = postSolution
		{CCC35139-2DF7-4FE0-ADCE-B04A7944243D}.Debug|Any CPU.ActiveCfg = Debug|Any CPU
		{CCC35139-2DF7-4FE0-ADCE-B04A7944243D}.Debug|Any CPU.Build.0 = Debug|Any CPU
		{CCC35139-2DF7-4FE0-ADCE-B04A7944243D}.Release|Any CPU.ActiveCfg = Release|Any CPU
		{CCC35139-2DF7-4FE0-ADCE-B04A7944243D}.Release|Any CPU.Build.0 = Release|Any CPU
	EndGlobalSection
	GlobalSection(SolutionProperties) = preSolution
		HideSolutionNode = FALSE
	EndGlobalSection
	GlobalSection(ExtensibilityGlobals) = postSolution
		SolutionGuid = {7231DEE2-6F8F-4E17-A143-CA391E742215}
	EndGlobalSection
EndGlobal
